
Microsoft Visual Studio Solution File, Format Version 12.00
# Visual Studio Version 17
VisualStudioVersion = 17.3.32901.215
MinimumVisualStudioVersion = 10.0.40219.1
Project("{FAE04EC0-301F-11D3-BF4B-00C04F79EFBC}") = "FizzBuzz", "FizzBuzzv2\FizzBuzz.csproj", "{B134ABE7-6E54-415E-9AA5-C2AEADA65CDB}"
EndProject
Project("{FAE04EC0-301F-11D3-BF4B-00C04F79EFBC}") = "FizzBuzzer", "FizzBuzzer\FizzBuzzer.csproj", "{88F8A0EA-BCF8-4365-9323-7D82C78A0931}"
EndProject
Project("{FAE04EC0-301F-11D3-BF4B-00C04F79EFBC}") = "TestingUnit", "TestingUnit\TestingUnit.csproj", "{8CAAE1F6-D99F-46D5-81BE-D9936A363680}"
EndProject
Global
	GlobalSection(SolutionConfigurationPlatforms) = preSolution
		Debug|Any CPU = Debug|Any CPU
		Release|Any CPU = Release|Any CPU
	EndGlobalSection
	GlobalSection(ProjectConfigurationPlatforms) = postSolution
		{B134ABE7-6E54-415E-9AA5-C2AEADA65CDB}.Debug|Any CPU.ActiveCfg = Debug|Any CPU
		{B134ABE7-6E54-415E-9AA5-C2AEADA65CDB}.Debug|Any CPU.Build.0 = Debug|Any CPU
		{B134ABE7-6E54-415E-9AA5-C2AEADA65CDB}.Release|Any CPU.ActiveCfg = Release|Any CPU
		{B134ABE7-6E54-415E-9AA5-C2AEADA65CDB}.Release|Any CPU.Build.0 = Release|Any CPU
		{88F8A0EA-BCF8-4365-9323-7D82C78A0931}.Debug|Any CPU.ActiveCfg = Debug|Any CPU
		{88F8A0EA-BCF8-4365-9323-7D82C78A0931}.Debug|Any CPU.Build.0 = Debug|Any CPU
		{88F8A0EA-BCF8-4365-9323-7D82C78A0931}.Release|Any CPU.ActiveCfg = Release|Any CPU
		{88F8A0EA-BCF8-4365-9323-7D82C78A0931}.Release|Any CPU.Build.0 = Release|Any CPU
		{8CAAE1F6-D99F-46D5-81BE-D9936A363680}.Debug|Any CPU.ActiveCfg = Debug|Any CPU
		{8CAAE1F6-D99F-46D5-81BE-D9936A363680}.Debug|Any CPU.Build.0 = Debug|Any CPU
		{8CAAE1F6-D99F-46D5-81BE-D9936A363680}.Release|Any CPU.ActiveCfg = Release|Any CPU
		{8CAAE1F6-D99F-46D5-81BE-D9936A363680}.Release|Any CPU.Build.0 = Release|Any CPU
	EndGlobalSection
	GlobalSection(SolutionProperties) = preSolution
		HideSolutionNode = FALSE
	EndGlobalSection
	GlobalSection(ExtensibilityGlobals) = postSolution
		SolutionGuid = {C5FB6C92-B6A7-42C7-8D32-DD45C695F7AF}
	EndGlobalSection
EndGlobal
